
Microsoft Visual Studio Solution File, Format Version 12.00
# Visual Studio Version 17
VisualStudioVersion = 17.5.33516.290
MinimumVisualStudioVersion = 10.0.40219.1
Project("{FAE04EC0-301F-11D3-BF4B-00C04F79EFBC}") = "Subin", "Subin.csproj", "{CC994F78-5D96-406F-A3C4-CC858CC1CC89}"
EndProject
Global
	GlobalSection(SolutionConfigurationPlatforms) = preSolution
		Debug|Any CPU = Debug|Any CPU
		Release|Any CPU = Release|Any CPU
	EndGlobalSection
	GlobalSection(ProjectConfigurationPlatforms) = postSolution
		{CC994F78-5D96-406F-A3C4-CC858CC1CC89}.Debug|Any CPU.ActiveCfg = Debug|Any CPU
		{CC994F78-5D96-406F-A3C4-CC858CC1CC89}.Debug|Any CPU.Build.0 = Debug|Any CPU
		{CC994F78-5D96-406F-A3C4-CC858CC1CC89}.Release|Any CPU.ActiveCfg = Release|Any CPU
		{CC994F78-5D96-406F-A3C4-CC858CC1CC89}.Release|Any CPU.Build.0 = Release|Any CPU
	EndGlobalSection
	GlobalSection(SolutionProperties) = preSolution
		HideSolutionNode = FALSE
	EndGlobalSection
	GlobalSection(ExtensibilityGlobals) = postSolution
		SolutionGuid = {70388CF2-F0B0-45AE-B9EC-64D68D0BBDC5}
	EndGlobalSection
EndGlobal
